
Microsoft Visual Studio Solution File, Format Version 12.00
# Visual Studio Version 17
VisualStudioVersion = 17.2.32519.379
MinimumVisualStudioVersion = 10.0.40219.1
Project("{FAE04EC0-301F-11D3-BF4B-00C04F79EFBC}") = "Super Market", "Super Market\Super Market.csproj", "{05DE92AD-E253-40C5-8F0A-9FB39D467B3D}"
EndProject
Global
	GlobalSection(SolutionConfigurationPlatforms) = preSolution
		Debug|Any CPU = Debug|Any CPU
		Release|Any CPU = Release|Any CPU
	EndGlobalSection
	GlobalSection(ProjectConfigurationPlatforms) = postSolution
		{05DE92AD-E253-40C5-8F0A-9FB39D467B3D}.Debug|Any CPU.ActiveCfg = Debug|Any CPU
		{05DE92AD-E253-40C5-8F0A-9FB39D467B3D}.Debug|Any CPU.Build.0 = Debug|Any CPU
		{05DE92AD-E253-40C5-8F0A-9FB39D467B3D}.Release|Any CPU.ActiveCfg = Release|Any CPU
		{05DE92AD-E253-40C5-8F0A-9FB39D467B3D}.Release|Any CPU.Build.0 = Release|Any CPU
	EndGlobalSection
	GlobalSection(SolutionProperties) = preSolution
		HideSolutionNode = FALSE
	EndGlobalSection
	GlobalSection(ExtensibilityGlobals) = postSolution
		SolutionGuid = {222A6330-E9C4-4DB9-BE63-65266BBC354D}
	EndGlobalSection
EndGlobal
